
Microsoft Visual Studio Solution File, Format Version 12.00
# Visual Studio Version 17
VisualStudioVersion = 17.7.34031.279
MinimumVisualStudioVersion = 10.0.40219.1
Project("{FAE04EC0-301F-11D3-BF4B-00C04F79EFBC}") = "REnvironmentControlLibrary", "REnvironmentControlLibrary\REnvironmentControlLibrary.csproj", "{E8E6FBA0-1565-4F0B-AC83-78E04F71ECD2}"
EndProject
Project("{FAE04EC0-301F-11D3-BF4B-00C04F79EFBC}") = "RDotNetProxy", "RDotNetProxy\RDotNetProxy.csproj", "{E190D9EC-348C-4948-B136-352829EDC993}"
EndProject
Project("{9A19103F-16F7-4668-BE54-9A1E7A4F7556}") = "RDotNetProxyTest", "RDotNetProxyTest\RDotNetProxyTest.csproj", "{CA866215-EBD6-47E0-A93E-914B9DACA396}"
EndProject
Project("{FAE04EC0-301F-11D3-BF4B-00C04F79EFBC}") = "ExcelRAddIn", "ExcelRAddIn\ExcelRAddIn\ExcelRAddIn.csproj", "{8998BA07-FDC0-4987-BCD0-C2444CF3ACE9}"
EndProject
Project("{FAE04EC0-301F-11D3-BF4B-00C04F79EFBC}") = "RScriptAddIn", "RScriptAddIn\RScriptAddIn\RScriptAddIn.csproj", "{057A4184-02FE-4543-A534-7BE1576791B8}"
EndProject
Global
	GlobalSection(SolutionConfigurationPlatforms) = preSolution
		Debug|Any CPU = Debug|Any CPU
		Release|Any CPU = Release|Any CPU
	EndGlobalSection
	GlobalSection(ProjectConfigurationPlatforms) = postSolution
		{E8E6FBA0-1565-4F0B-AC83-78E04F71ECD2}.Debug|Any CPU.ActiveCfg = Debug|Any CPU
		{E8E6FBA0-1565-4F0B-AC83-78E04F71ECD2}.Debug|Any CPU.Build.0 = Debug|Any CPU
		{E8E6FBA0-1565-4F0B-AC83-78E04F71ECD2}.Release|Any CPU.ActiveCfg = Release|Any CPU
		{E8E6FBA0-1565-4F0B-AC83-78E04F71ECD2}.Release|Any CPU.Build.0 = Release|Any CPU
		{E190D9EC-348C-4948-B136-352829EDC993}.Debug|Any CPU.ActiveCfg = Debug|Any CPU
		{E190D9EC-348C-4948-B136-352829EDC993}.Debug|Any CPU.Build.0 = Debug|Any CPU
		{E190D9EC-348C-4948-B136-352829EDC993}.Release|Any CPU.ActiveCfg = Release|Any CPU
		{E190D9EC-348C-4948-B136-352829EDC993}.Release|Any CPU.Build.0 = Release|Any CPU
		{CA866215-EBD6-47E0-A93E-914B9DACA396}.Debug|Any CPU.ActiveCfg = Debug|Any CPU
		{CA866215-EBD6-47E0-A93E-914B9DACA396}.Debug|Any CPU.Build.0 = Debug|Any CPU
		{CA866215-EBD6-47E0-A93E-914B9DACA396}.Release|Any CPU.ActiveCfg = Release|Any CPU
		{CA866215-EBD6-47E0-A93E-914B9DACA396}.Release|Any CPU.Build.0 = Release|Any CPU
		{8998BA07-FDC0-4987-BCD0-C2444CF3ACE9}.Debug|Any CPU.ActiveCfg = Debug|Any CPU
		{8998BA07-FDC0-4987-BCD0-C2444CF3ACE9}.Debug|Any CPU.Build.0 = Debug|Any CPU
		{8998BA07-FDC0-4987-BCD0-C2444CF3ACE9}.Release|Any CPU.ActiveCfg = Release|Any CPU
		{8998BA07-FDC0-4987-BCD0-C2444CF3ACE9}.Release|Any CPU.Build.0 = Release|Any CPU
		{057A4184-02FE-4543-A534-7BE1576791B8}.Debug|Any CPU.ActiveCfg = Debug|Any CPU
		{057A4184-02FE-4543-A534-7BE1576791B8}.Debug|Any CPU.Build.0 = Debug|Any CPU
		{057A4184-02FE-4543-A534-7BE1576791B8}.Release|Any CPU.ActiveCfg = Release|Any CPU
		{057A4184-02FE-4543-A534-7BE1576791B8}.Release|Any CPU.Build.0 = Release|Any CPU
	EndGlobalSection
	GlobalSection(SolutionProperties) = preSolution
		HideSolutionNode = FALSE
	EndGlobalSection
	GlobalSection(ExtensibilityGlobals) = postSolution
		SolutionGuid = {9DEF07F2-9EBD-4449-BEBE-522693A19264}
	EndGlobalSection
EndGlobal
